
Microsoft Visual Studio Solution File, Format Version 12.00
# Visual Studio Version 17
VisualStudioVersion = 17.2.32505.173
MinimumVisualStudioVersion = 10.0.40219.1
Project("{9A19103F-16F7-4668-BE54-9A1E7A4F7556}") = "Org.OpenAPITools", "src\Org.OpenAPITools\Org.OpenAPITools.csproj", "{267B3A72-B1CD-4C1D-A901-45090E57264F}"
EndProject
Global
	GlobalSection(SolutionConfigurationPlatforms) = preSolution
		Debug|Any CPU = Debug|Any CPU
		Release|Any CPU = Release|Any CPU
	EndGlobalSection
	GlobalSection(ProjectConfigurationPlatforms) = postSolution
		{267B3A72-B1CD-4C1D-A901-45090E57264F}.Debug|Any CPU.ActiveCfg = Debug|Any CPU
		{267B3A72-B1CD-4C1D-A901-45090E57264F}.Debug|Any CPU.Build.0 = Debug|Any CPU
		{267B3A72-B1CD-4C1D-A901-45090E57264F}.Release|Any CPU.ActiveCfg = Release|Any CPU
		{267B3A72-B1CD-4C1D-A901-45090E57264F}.Release|Any CPU.Build.0 = Release|Any CPU
	EndGlobalSection
	GlobalSection(SolutionProperties) = preSolution
		HideSolutionNode = FALSE
	EndGlobalSection
	GlobalSection(ExtensibilityGlobals) = postSolution
		SolutionGuid = {8FE4914F-F3EB-4230-8356-5E22FB06FE0B}
	EndGlobalSection
EndGlobal
